
Microsoft Visual Studio Solution File, Format Version 12.00
# Visual Studio Version 17
VisualStudioVersion = 17.0.31903.59
MinimumVisualStudioVersion = 10.0.40219.1
Project("{2150E333-8FDC-42A3-9474-1A3956D46DE8}") = "src", "src", "{827E0CD3-B72D-47B6-A68D-7590B98EB39B}"
EndProject
Project("{FAE04EC0-301F-11D3-BF4B-00C04F79EFBC}") = "TypePaste.Core", "src\TypePaste.Core\TypePaste.Core.csproj", "{D806369C-5974-4355-B165-CF8DBE82849C}"
EndProject
Project("{FAE04EC0-301F-11D3-BF4B-00C04F79EFBC}") = "TypePaste", "src\TypePaste\TypePaste.csproj", "{42ED6D38-1904-4F1C-A552-F0E71C0E5E8E}"
EndProject
Project("{2150E333-8FDC-42A3-9474-1A3956D46DE8}") = "tests", "tests", "{0AB3BF05-4346-4AA6-1389-037BE0695223}"
EndProject
Project("{FAE04EC0-301F-11D3-BF4B-00C04F79EFBC}") = "TypePaste.Core.Tests", "tests\TypePaste.Core.Tests\TypePaste.Core.Tests.csproj", "{158534DD-2E36-4A5A-A370-AA1AC1D40E13}"
EndProject
Project("{FAE04EC0-301F-11D3-BF4B-00C04F79EFBC}") = "TypePaste.E2E", "tests\TypePaste.E2E\TypePaste.E2E.csproj", "{AEEB0F1E-C065-41A8-9C7B-97E5913688BA}"
EndProject
Global
	GlobalSection(SolutionConfigurationPlatforms) = preSolution
		Debug|Any CPU = Debug|Any CPU
		Debug|x64 = Debug|x64
		Debug|x86 = Debug|x86
		Release|Any CPU = Release|Any CPU
		Release|x64 = Release|x64
		Release|x86 = Release|x86
	EndGlobalSection
	GlobalSection(ProjectConfigurationPlatforms) = postSolution
		{D806369C-5974-4355-B165-CF8DBE82849C}.Debug|Any CPU.ActiveCfg = Debug|Any CPU
		{D806369C-5974-4355-B165-CF8DBE82849C}.Debug|Any CPU.Build.0 = Debug|Any CPU
		{D806369C-5974-4355-B165-CF8DBE82849C}.Debug|x64.ActiveCfg = Debug|Any CPU
		{D806369C-5974-4355-B165-CF8DBE82849C}.Debug|x64.Build.0 = Debug|Any CPU
		{D806369C-5974-4355-B165-CF8DBE82849C}.Debug|x86.ActiveCfg = Debug|Any CPU
		{D806369C-5974-4355-B165-CF8DBE82849C}.Debug|x86.Build.0 = Debug|Any CPU
		{D806369C-5974-4355-B165-CF8DBE82849C}.Release|Any CPU.ActiveCfg = Release|Any CPU
		{D806369C-5974-4355-B165-CF8DBE82849C}.Release|Any CPU.Build.0 = Release|Any CPU
		{D806369C-5974-4355-B165-CF8DBE82849C}.Release|x64.ActiveCfg = Release|Any CPU
		{D806369C-5974-4355-B165-CF8DBE82849C}.Release|x64.Build.0 = Release|Any CPU
		{D806369C-5974-4355-B165-CF8DBE82849C}.Release|x86.ActiveCfg = Release|Any CPU
		{D806369C-5974-4355-B165-CF8DBE82849C}.Release|x86.Build.0 = Release|Any CPU
		{42ED6D38-1904-4F1C-A552-F0E71C0E5E8E}.Debug|Any CPU.ActiveCfg = Debug|Any CPU
		{42ED6D38-1904-4F1C-A552-F0E71C0E5E8E}.Debug|Any CPU.Build.0 = Debug|Any CPU
		{42ED6D38-1904-4F1C-A552-F0E71C0E5E8E}.Debug|x64.ActiveCfg = Debug|Any CPU
		{42ED6D38-1904-4F1C-A552-F0E71C0E5E8E}.Debug|x64.Build.0 = Debug|Any CPU
		{42ED6D38-1904-4F1C-A552-F0E71C0E5E8E}.Debug|x86.ActiveCfg = Debug|Any CPU
		{42ED6D38-1904-4F1C-A552-F0E71C0E5E8E}.Debug|x86.Build.0 = Debug|Any CPU
		{42ED6D38-1904-4F1C-A552-F0E71C0E5E8E}.Release|Any CPU.ActiveCfg = Release|Any CPU
		{42ED6D38-1904-4F1C-A552-F0E71C0E5E8E}.Release|Any CPU.Build.0 = Release|Any CPU
		{42ED6D38-1904-4F1C-A552-F0E71C0E5E8E}.Release|x64.ActiveCfg = Release|Any CPU
		{42ED6D38-1904-4F1C-A552-F0E71C0E5E8E}.Release|x64.Build.0 = Release|Any CPU
		{42ED6D38-1904-4F1C-A552-F0E71C0E5E8E}.Release|x86.ActiveCfg = Release|Any CPU
		{42ED6D38-1904-4F1C-A552-F0E71C0E5E8E}.Release|x86.Build.0 = Release|Any CPU
		{158534DD-2E36-4A5A-A370-AA1AC1D40E13}.Debug|Any CPU.ActiveCfg = Debug|Any CPU
		{158534DD-2E36-4A5A-A370-AA1AC1D40E13}.Debug|Any CPU.Build.0 = Debug|Any CPU
		{158534DD-2E36-4A5A-A370-AA1AC1D40E13}.Debug|x64.ActiveCfg = Debug|Any CPU
		{158534DD-2E36-4A5A-A370-AA1AC1D40E13}.Debug|x64.Build.0 = Debug|Any CPU
		{158534DD-2E36-4A5A-A370-AA1AC1D40E13}.Debug|x86.ActiveCfg = Debug|Any CPU
		{158534DD-2E36-4A5A-A370-AA1AC1D40E13}.Debug|x86.Build.0 = Debug|Any CPU
		{158534DD-2E36-4A5A-A370-AA1AC1D40E13}.Release|Any CPU.ActiveCfg = Release|Any CPU
		{158534DD-2E36-4A5A-A370-AA1AC1D40E13}.Release|Any CPU.Build.0 = Release|Any CPU
		{158534DD-2E36-4A5A-A370-AA1AC1D40E13}.Release|x64.ActiveCfg = Release|Any CPU
		{158534DD-2E36-4A5A-A370-AA1AC1D40E13}.Release|x64.Build.0 = Release|Any CPU
		{158534DD-2E36-4A5A-A370-AA1AC1D40E13}.Release|x86.ActiveCfg = Release|Any CPU
		{158534DD-2E36-4A5A-A370-AA1AC1D40E13}.Release|x86.Build.0 = Release|Any CPU
		{AEEB0F1E-C065-41A8-9C7B-97E5913688BA}.Debug|Any CPU.ActiveCfg = Debug|Any CPU
		{AEEB0F1E-C065-41A8-9C7B-97E5913688BA}.Debug|Any CPU.Build.0 = Debug|Any CPU
		{AEEB0F1E-C065-41A8-9C7B-97E5913688BA}.Debug|x64.ActiveCfg = Debug|Any CPU
		{AEEB0F1E-C065-41A8-9C7B-97E5913688BA}.Debug|x64.Build.0 = Debug|Any CPU
		{AEEB0F1E-C065-41A8-9C7B-97E5913688BA}.Debug|x86.ActiveCfg = Debug|Any CPU
		{AEEB0F1E-C065-41A8-9C7B-97E5913688BA}.Debug|x86.Build.0 = Debug|Any CPU
		{AEEB0F1E-C065-41A8-9C7B-97E5913688BA}.Release|Any CPU.ActiveCfg = Release|Any CPU
		{AEEB0F1E-C065-41A8-9C7B-97E5913688BA}.Release|Any CPU.Build.0 = Release|Any CPU
		{AEEB0F1E-C065-41A8-9C7B-97E5913688BA}.Release|x64.ActiveCfg = Release|Any CPU
		{AEEB0F1E-C065-41A8-9C7B-97E5913688BA}.Release|x64.Build.0 = Release|Any CPU
		{AEEB0F1E-C065-41A8-9C7B-97E5913688BA}.Release|x86.ActiveCfg = Release|Any CPU
		{AEEB0F1E-C065-41A8-9C7B-97E5913688BA}.Release|x86.Build.0 = Release|Any CPU
	EndGlobalSection
	GlobalSection(SolutionProperties) = preSolution
		HideSolutionNode = FALSE
	EndGlobalSection
	GlobalSection(NestedProjects) = preSolution
		{D806369C-5974-4355-B165-CF8DBE82849C} = {827E0CD3-B72D-47B6-A68D-7590B98EB39B}
		{42ED6D38-1904-4F1C-A552-F0E71C0E5E8E} = {827E0CD3-B72D-47B6-A68D-7590B98EB39B}
		{158534DD-2E36-4A5A-A370-AA1AC1D40E13} = {0AB3BF05-4346-4AA6-1389-037BE0695223}
		{AEEB0F1E-C065-41A8-9C7B-97E5913688BA} = {0AB3BF05-4346-4AA6-1389-037BE0695223}
	EndGlobalSection
EndGlobal
